{
  "requires": true,
  "lockfileVersion": 1,
  "dependencies": {
    "@types/node": {
      "version": "18.11.17",
      "resolved": "https://registry.npmjs.org/@types/node/-/node-18.11.17.tgz",
      "integrity": "sha512-HJSUJmni4BeDHhfzn6nF0sVmd1SMezP7/4F0Lq+aXzmp2xm9O7WXrUtHW/CHlYVtZUbByEvWidHqRtcJXGF2Ng=="
    },
    "Set": {
      "version": "0.4.1",
      "resolved": "https://registry.npmjs.org/Set/-/Set-0.4.1.tgz",
      "integrity": "sha512-+TXBAK+hDss1DqX7W5fGw0JuvGrtVwAHYGWgqe0MIWHH/U9HvBb9LsgNZ3TLZX8DaddBGRmCgoDuk7mnYgx8Dw=="
    },
    "set": {
      "version": "1.1.1",
      "resolved": "https://registry.npmjs.org/set/-/set-1.1.1.tgz",
      "integrity": "sha512-DX5VQNZBBaraepDszUGMP+b0ztJqRD2WK8aAc2YUgYsf9Hc5EwabiqV6uqL6//em9VR8FS7b1rMcszKS9nQGJg=="
    }
  }
}
